<?xml version="1.0" encoding="utf-8"?>
<Project ToolsVersion="17.0" xmlns="http://schemas.microsoft.com/developer/msbuild/2003">
  <ItemGroup>
    <CustomBuild Include="C:\Users\pisu\GitHub\Sims-4-Exception-Quarantiner\SimsModFixer\build_fresh\CMakeFiles\aac8f2e7404de74d9966a1ea7a6100c6\generate.stamp.rule">
      <Filter>CMake Rules</Filter>
    </CustomBuild>
  </ItemGroup>
  <ItemGroup>
    <Filter Include="CMake Rules">
      <UniqueIdentifier>{D238814A-28FA-3E8E-BBE7-299E5061B15C}</UniqueIdentifier>
    </Filter>
  </ItemGroup>
</Project>
